{
  "nodes": {
    "flake-utils": {
      "inputs": {
        "systems": "systems"
      },
      "locked": {
        "lastModified": 1681202837,
        "narHash": "sha256-H+Rh19JDwRtpVPAWp64F+rlEtxUWBAQW28eAi3SRSzg=",
        "owner": "numtide",
        "repo": "flake-utils",
        "rev": "cfacdce06f30d2b68473a46042957675eebb3401",
        "type": "github"
      },
      "original": {
        "owner": "numtide",
        "repo": "flake-utils",
        "type": "github"
      }
    },
    "jrsonnet": {
      "inputs": {
        "flake-utils": [
          "flake-utils"
        ],
        "nixpkgs": [
          "nixpkgs"
        ],
        "rust-overlay": "rust-overlay"
      },
      "locked": {
        "lastModified": 1684160858,
        "narHash": "sha256-ym5qZaB8TfKd9JuZB+VjX8HimiMnn6Fp1URQZrhpzso=",
        "owner": "CertainLach",
        "repo": "jrsonnet",
        "rev": "eedc5439753e908360c8ff3fb240a457ce1c881e",
        "type": "github"
      },
      "original": {
        "owner": "CertainLach",
        "repo": "jrsonnet",
        "type": "github"
      }
    },
    "nixpkgs": {
      "locked": {
        "lastModified": 1684441176,
        "narHash": "sha256-xLKTKat/deWz2UD2XUO/NYSZLKfZMmk7CovMznmysKU=",
        "owner": "nixos",
        "repo": "nixpkgs",
        "rev": "84f249a0c414587ad083dd5bd68a6cf3d6e4a2be",
        "type": "github"
      },
      "original": {
        "owner": "nixos",
        "repo": "nixpkgs",
        "type": "github"
      }
    },
    "root": {
      "inputs": {
        "flake-utils": "flake-utils",
        "jrsonnet": "jrsonnet",
        "nixpkgs": "nixpkgs",
        "rust-overlay": "rust-overlay_2"
      }
    },
    "rust-overlay": {
      "inputs": {
        "flake-utils": [
          "jrsonnet",
          "flake-utils"
        ],
        "nixpkgs": [
          "jrsonnet",
          "nixpkgs"
        ]
      },
      "locked": {
        "lastModified": 1685154050,
        "narHash": "sha256-DX+NZk8i0oXB8iOMIIqlsh6b0M9lJI9fGsZvMRUiuGM=",
        "owner": "oxalica",
        "repo": "rust-overlay",
        "rev": "7d196a0e3829f1a150c07a447ed7d2f0b60568bd",
        "type": "github"
      },
      "original": {
        "owner": "oxalica",
        "repo": "rust-overlay",
        "type": "github"
      }
    },
    "rust-overlay_2": {
      "inputs": {
        "flake-utils": [
          "flake-utils"
        ],
        "nixpkgs": [
          "nixpkgs"
        ]
      },
      "locked": {
        "lastModified": 1684376381,
        "narHash": "sha256-XVFTXADfvBXKwo4boqfg80awUbT+JgQvlQ8uZ+Xgo1s=",
        "owner": "oxalica",
        "repo": "rust-overlay",
        "rev": "7c9a265c2eaa5783bc18593b1aec39a85653c076",
        "type": "github"
      },
      "original": {
        "owner": "oxalica",
        "repo": "rust-overlay",
        "type": "github"
      }
    },
    "systems": {
      "locked": {
        "lastModified": 1681028828,
        "narHash": "sha256-Vy1rq5AaRuLzOxct8nz4T6wlgyUR7zLU309k9mBC768=",
        "owner": "nix-systems",
        "repo": "default",
        "rev": "da67096a3b9bf56a91d16901293e51ba5b49a27e",
        "type": "github"
      },
      "original": {
        "owner": "nix-systems",
        "repo": "default",
        "type": "github"
      }
    }
  },
  "root": "root",
  "version": 7
}
